
Microsoft Visual Studio Solution File, Format Version 12.00
# Visual Studio 15
VisualStudioVersion = 15.0.27703.2042
MinimumVisualStudioVersion = 10.0.40219.1
Project("{FAE04EC0-301F-11D3-BF4B-00C04F79EFBC}") = "ArbolBinario", "ArbolBinario\ArbolBinario.csproj", "{CA8A226C-9D8B-4B6A-B056-2E69F77E9A29}"
EndProject
Project("{FAE04EC0-301F-11D3-BF4B-00C04F79EFBC}") = "Arboles", "Arboles\Arboles.csproj", "{FBAF1B2F-5939-4478-824D-16A0EBB42DDA}"
EndProject
Global
	GlobalSection(SolutionConfigurationPlatforms) = preSolution
		Debug|Any CPU = Debug|Any CPU
		Release|Any CPU = Release|Any CPU
	EndGlobalSection
	GlobalSection(ProjectConfigurationPlatforms) = postSolution
		{CA8A226C-9D8B-4B6A-B056-2E69F77E9A29}.Debug|Any CPU.ActiveCfg = Debug|Any CPU
		{CA8A226C-9D8B-4B6A-B056-2E69F77E9A29}.Debug|Any CPU.Build.0 = Debug|Any CPU
		{CA8A226C-9D8B-4B6A-B056-2E69F77E9A29}.Release|Any CPU.ActiveCfg = Release|Any CPU
		{CA8A226C-9D8B-4B6A-B056-2E69F77E9A29}.Release|Any CPU.Build.0 = Release|Any CPU
		{FBAF1B2F-5939-4478-824D-16A0EBB42DDA}.Debug|Any CPU.ActiveCfg = Debug|Any CPU
		{FBAF1B2F-5939-4478-824D-16A0EBB42DDA}.Debug|Any CPU.Build.0 = Debug|Any CPU
		{FBAF1B2F-5939-4478-824D-16A0EBB42DDA}.Release|Any CPU.ActiveCfg = Release|Any CPU
		{FBAF1B2F-5939-4478-824D-16A0EBB42DDA}.Release|Any CPU.Build.0 = Release|Any CPU
	EndGlobalSection
	GlobalSection(SolutionProperties) = preSolution
		HideSolutionNode = FALSE
	EndGlobalSection
	GlobalSection(ExtensibilityGlobals) = postSolution
		SolutionGuid = {48B0722B-ADC6-4ABE-A774-BD4DE227E55F}
	EndGlobalSection
EndGlobal
